# This file is automatically @generated by Cargo.
# It is not intended for manual editing.
version = 4

[[package]]
name = "linkbudget"
version = "0.5.3"
dependencies = [
 "rfconversions",
]

[[package]]
name = "rfconversions"
version = "0.7.0"
source = "registry+https://github.com/rust-lang/crates.io-index"
checksum = "69516f3a14063db1538c3694768b4091b627a4474ba066565e4de00ea8292aad"
