# This file is automatically @generated by Cargo.
# It is not intended for manual editing.
version = 4

[[package]]
name = "linkbudget"
version = "0.5.1"
dependencies = [
 "rfconversions",
]

[[package]]
name = "rfconversions"
version = "0.6.0"
source = "registry+https://github.com/rust-lang/crates.io-index"
checksum = "360d2e51a74ba62e9ae05960bf4af0f2d968adfab9d4f5217da8c3d97dd3992a"
