# This file is automatically @generated by Cargo.
# It is not intended for manual editing.
version = 4

[[package]]
name = "linkbudget"
version = "0.3.0"
dependencies = [
 "rfconversions",
]

[[package]]
name = "rfconversions"
version = "0.5.0"
source = "registry+https://github.com/rust-lang/crates.io-index"
checksum = "e21a6960f5f68dadef99bd8b50f105cc86b16efecf6dba421175ecdde215277a"
